
Microsoft Visual Studio Solution File, Format Version 12.00
# Visual Studio Version 16
VisualStudioVersion = 16.0.29728.190
MinimumVisualStudioVersion = 10.0.40219.1
Project("{9A19103F-16F7-4668-BE54-9A1E7A4F7556}") = "TDD_Example", "TDD_Example\TDD_Example.csproj", "{3DFB8871-2D8A-4A90-8F73-9E7AD5374E4C}"
EndProject
Project("{FAE04EC0-301F-11D3-BF4B-00C04F79EFBC}") = "TDD_ExampleTests", "TDD_ExampleTests\TDD_ExampleTests.csproj", "{D699750B-7A33-4565-AA48-4C1AFEF1ADF5}"
EndProject
Global
	GlobalSection(SolutionConfigurationPlatforms) = preSolution
		Debug|Any CPU = Debug|Any CPU
		Release|Any CPU = Release|Any CPU
	EndGlobalSection
	GlobalSection(ProjectConfigurationPlatforms) = postSolution
		{3DFB8871-2D8A-4A90-8F73-9E7AD5374E4C}.Debug|Any CPU.ActiveCfg = Debug|Any CPU
		{3DFB8871-2D8A-4A90-8F73-9E7AD5374E4C}.Debug|Any CPU.Build.0 = Debug|Any CPU
		{3DFB8871-2D8A-4A90-8F73-9E7AD5374E4C}.Release|Any CPU.ActiveCfg = Release|Any CPU
		{3DFB8871-2D8A-4A90-8F73-9E7AD5374E4C}.Release|Any CPU.Build.0 = Release|Any CPU
		{D699750B-7A33-4565-AA48-4C1AFEF1ADF5}.Debug|Any CPU.ActiveCfg = Debug|Any CPU
		{D699750B-7A33-4565-AA48-4C1AFEF1ADF5}.Debug|Any CPU.Build.0 = Debug|Any CPU
		{D699750B-7A33-4565-AA48-4C1AFEF1ADF5}.Release|Any CPU.ActiveCfg = Release|Any CPU
		{D699750B-7A33-4565-AA48-4C1AFEF1ADF5}.Release|Any CPU.Build.0 = Release|Any CPU
	EndGlobalSection
	GlobalSection(SolutionProperties) = preSolution
		HideSolutionNode = FALSE
	EndGlobalSection
	GlobalSection(ExtensibilityGlobals) = postSolution
		SolutionGuid = {22B14DE0-9923-4308-8412-D4BAA7D221EA}
	EndGlobalSection
EndGlobal
